// !$*UTF8*$!
{
	archiveVersion = 1;
	classes = {
	};
	objectVersion = 46;
	objects = {

/* Begin PBXBuildFile section */
		ADCF9E871AB4BC2F000C3F64 /* AppDelegate.swift in Sources */ = {isa = PBXBuildFile; fileRef = ADCF9E861AB4BC2F000C3F64 /* AppDelegate.swift */; };
		ADCF9E891AB4BC2F000C3F64 /* ViewController.swift in Sources */ = {isa = PBXBuildFile; fileRef = ADCF9E881AB4BC2F000C3F64 /* ViewController.swift */; };
		ADCF9E8C1AB4BC2F000C3F64 /* Main.storyboard in Resources */ = {isa = PBXBuildFile; fileRef = ADCF9E8A1AB4BC2F000C3F64 /* Main.storyboard */; };
		ADCF9E8E1AB4BC2F000C3F64 /* Images.xcassets in Resources */ = {isa = PBXBuildFile; fileRef = ADCF9E8D1AB4BC2F000C3F64 /* Images.xcassets */; };
		ADCF9E911AB4BC2F000C3F64 /* LaunchScreen.xib in Resources */ = {isa = PBXBuildFile; fileRef = ADCF9E8F1AB4BC2F000C3F64 /* LaunchScreen.xib */; };
		ADCF9E9D1AB4BC2F000C3F64 /* JuegoTapTests.swift in Sources */ = {isa = PBXBuildFile; fileRef = ADCF9E9C1AB4BC2F000C3F64 /* JuegoTapTests.swift */; };
		ADCF9EA71AB4BD90000C3F64 /* 1398800834069.png in Resources */ = {isa = PBXBuildFile; fileRef = ADCF9EA61AB4BD90000C3F64 /* 1398800834069.png */; };
/* End PBXBuildFile section */

/* Begin PBXContainerItemProxy section */
		ADCF9E971AB4BC2F000C3F64 /* PBXContainerItemProxy */ = {
			isa = PBXContainerItemProxy;
			containerPortal = ADCF9E791AB4BC2F000C3F64 /* Project object */;
			proxyType = 1;
			remoteGlobalIDString = ADCF9E801AB4BC2F000C3F64;
			remoteInfo = JuegoTap;
		};
/* End PBXContainerItemProxy section */

/* Begin PBXFileReference section */
		ADCF9E811AB4BC2F000C3F64 /* JuegoTap.app */ = {isa = PBXFileReference; explicitFileType = wrapper.application; includeInIndex = 0; path = JuegoTap.app; sourceTree = BUILT_PRODUCTS_DIR; };
		ADCF9E851AB4BC2F000C3F64 /* Info.plist */ = {isa = PBXFileReference; lastKnownFileType = text.plist.xml; path = Info.plist; sourceTree = "<group>"; };
		ADCF9E861AB4BC2F000C3F64 /* AppDelegate.swift */ = {isa = PBXFileReference; lastKnownFileType = sourcecode.swift; path = AppDelegate.swift; sourceTree = "<group>"; };
		ADCF9E881AB4BC2F000C3F64 /* ViewController.swift */ = {isa = PBXFileReference; lastKnownFileType = sourcecode.swift; path = ViewController.swift; sourceTree = "<group>"; };
		ADCF9E8B1AB4BC2F000C3F64 /* Base */ = {isa = PBXFileReference; lastKnownFileType = file.storyboard; name = Base; path = Base.lproj/Main.storyboard; sourceTree = "<group>"; };
		ADCF9E8D1AB4BC2F000C3F64 /* Images.xcassets */ = {isa = PBXFileReference; lastKnownFileType = folder.assetcatalog; path = Images.xcassets; sourceTree = "<group>"; };
		ADCF9E901AB4BC2F000C3F64 /* Base */ = {isa = PBXFileReference; lastKnownFileType = file.xib; name = Base; path = Base.lproj/LaunchScreen.xib; sourceTree = "<group>"; };
		ADCF9E961AB4BC2F000C3F64 /* JuegoTapTests.xctest */ = {isa = PBXFileReference; explicitFileType = wrapper.cfbundle; includeInIndex = 0; path = JuegoTapTests.xctest; sourceTree = BUILT_PRODUCTS_DIR; };
		ADCF9E9B1AB4BC2F000C3F64 /* Info.plist */ = {isa = PBXFileReference; lastKnownFileType = text.plist.xml; path = Info.plist; sourceTree = "<group>"; };
		ADCF9E9C1AB4BC2F000C3F64 /* JuegoTapTests.swift */ = {isa = PBXFileReference; lastKnownFileType = sourcecode.swift; path = JuegoTapTests.swift; sourceTree = "<group>"; };
		ADCF9EA61AB4BD90000C3F64 /* 1398800834069.png */ = {isa = PBXFileReference; lastKnownFileType = image.png; path = 1398800834069.png; sourceTree = "<group>"; };
/* End PBXFileReference section */

/* Begin PBXFrameworksBuildPhase section */
		ADCF9E7E1AB4BC2F000C3F64 /* Frameworks */ = {
			isa = PBXFrameworksBuildPhase;
			buildActionMask = 2147483647;
			files = (
			);
			runOnlyForDeploymentPostprocessing = 0;
		};
		ADCF9E931AB4BC2F000C3F64 /* Frameworks */ = {
			isa = PBXFrameworksBuildPhase;
			buildActionMask = 2147483647;
			files = (
			);
			runOnlyForDeploymentPostprocessing = 0;
		};
/* End PBXFrameworksBuildPhase section */

/* Begin PBXGroup section */
		ADCF9E781AB4BC2F000C3F64 = {
			isa = PBXGroup;
			children = (
				ADCF9EA61AB4BD90000C3F64 /* 1398800834069.png */,
				ADCF9E831AB4BC2F000C3F64 /* JuegoTap */,
				ADCF9E991AB4BC2F000C3F64 /* JuegoTapTests */,
				ADCF9E821AB4BC2F000C3F64 /* Products */,
			);
			sourceTree = "<group>";
		};
		ADCF9E821AB4BC2F000C3F64 /* Products */ = {
			isa = PBXGroup;
			children = (
				ADCF9E811AB4BC2F000C3F64 /* JuegoTap.app */,
				ADCF9E961AB4BC2F000C3F64 /* JuegoTapTests.xctest */,
			);
			name = Products;
			sourceTree = "<group>";
		};
		ADCF9E831AB4BC2F000C3F64 /* JuegoTap */ = {
			isa = PBXGroup;
			children = (
				ADCF9E861AB4BC2F000C3F64 /* AppDelegate.swift */,
				ADCF9E881AB4BC2F000C3F64 /* ViewController.swift */,
				ADCF9E8A1AB4BC2F000C3F64 /* Main.storyboard */,
				ADCF9E8D1AB4BC2F000C3F64 /* Images.xcassets */,
				ADCF9E8F1AB4BC2F000C3F64 /* LaunchScreen.xib */,
				ADCF9E841AB4BC2F000C3F64 /* Supporting Files */,
			);
			path = JuegoTap;
			sourceTree = "<group>";
		};
		ADCF9E841AB4BC2F000C3F64 /* Supporting Files */ = {
			isa = PBXGroup;
			children = (
				ADCF9E851AB4BC2F000C3F64 /* Info.plist */,
			);
			name = "Supporting Files";
			sourceTree = "<group>";
		};
		ADCF9E991AB4BC2F000C3F64 /* JuegoTapTests */ = {
			isa = PBXGroup;
			children = (
				ADCF9E9C1AB4BC2F000C3F64 /* JuegoTapTests.swift */,
				ADCF9E9A1AB4BC2F000C3F64 /* Supporting Files */,
			);
			path = JuegoTapTests;
			sourceTree = "<group>";
		};
		ADCF9E9A1AB4BC2F000C3F64 /* Supporting Files */ = {
			isa = PBXGroup;
			children = (
				ADCF9E9B1AB4BC2F000C3F64 /* Info.plist */,
			);
			name = "Supporting Files";
			sourceTree = "<group>";
		};
/* End PBXGroup section */

/* Begin PBXNativeTarget section */
		ADCF9E801AB4BC2F000C3F64 /* JuegoTap */ = {
			isa = PBXNativeTarget;
			buildConfigurationList = ADCF9EA01AB4BC2F000C3F64 /* Build configuration list for PBXNativeTarget "JuegoTap" */;
			buildPhases = (
				ADCF9E7D1AB4BC2F000C3F64 /* Sources */,
				ADCF9E7E1AB4BC2F000C3F64 /* Frameworks */,
				ADCF9E7F1AB4BC2F000C3F64 /* Resources */,
			);
			buildRules = (
			);
			dependencies = (
			);
			name = JuegoTap;
			productName = JuegoTap;
			productReference = ADCF9E811AB4BC2F000C3F64 /* JuegoTap.app */;
			productType = "com.apple.product-type.application";
		};
		ADCF9E951AB4BC2F000C3F64 /* JuegoTapTests */ = {
			isa = PBXNativeTarget;
			buildConfigurationList = ADCF9EA31AB4BC2F000C3F64 /* Build configuration list for PBXNativeTarget "JuegoTapTests" */;
			buildPhases = (
				ADCF9E921AB4BC2F000C3F64 /* Sources */,
				ADCF9E931AB4BC2F000C3F64 /* Frameworks */,
				ADCF9E941AB4BC2F000C3F64 /* Resources */,
			);
			buildRules = (
			);
			dependencies = (
				ADCF9E981AB4BC2F000C3F64 /* PBXTargetDependency */,
			);
			name = JuegoTapTests;
			productName = JuegoTapTests;
			productReference = ADCF9E961AB4BC2F000C3F64 /* JuegoTapTests.xctest */;
			productType = "com.apple.product-type.bundle.unit-test";
		};
/* End PBXNativeTarget section */

/* Begin PBXProject section */
		ADCF9E791AB4BC2F000C3F64 /* Project object */ = {
			isa = PBXProject;
			attributes = {
				LastUpgradeCheck = 0620;
				ORGANIZATIONNAME = Cymetria;
				TargetAttributes = {
					ADCF9E801AB4BC2F000C3F64 = {
						CreatedOnToolsVersion = 6.2;
					};
					ADCF9E951AB4BC2F000C3F64 = {
						CreatedOnToolsVersion = 6.2;
						TestTargetID = ADCF9E801AB4BC2F000C3F64;
					};
				};
			};
			buildConfigurationList = ADCF9E7C1AB4BC2F000C3F64 /* Build configuration list for PBXProject "JuegoTap" */;
			compatibilityVersion = "Xcode 3.2";
			developmentRegion = English;
			hasScannedForEncodings = 0;
			knownRegions = (
				en,
				Base,
			);
			mainGroup = ADCF9E781AB4BC2F000C3F64;
			productRefGroup = ADCF9E821AB4BC2F000C3F64 /* Products */;
			projectDirPath = "";
			projectRoot = "";
			targets = (
				ADCF9E801AB4BC2F000C3F64 /* JuegoTap */,
				ADCF9E951AB4BC2F000C3F64 /* JuegoTapTests */,
			);
		};
/* End PBXProject section */

/* Begin PBXResourcesBuildPhase section */
		ADCF9E7F1AB4BC2F000C3F64 /* Resources */ = {
			isa = PBXResourcesBuildPhase;
			buildActionMask = 2147483647;
			files = (
				ADCF9E8C1AB4BC2F000C3F64 /* Main.storyboard in Resources */,
				ADCF9E911AB4BC2F000C3F64 /* LaunchScreen.xib in Resources */,
				ADCF9E8E1AB4BC2F000C3F64 /* Images.xcassets in Resources */,
				ADCF9EA71AB4BD90000C3F64 /* 1398800834069.png in Resources */,
			);
			runOnlyForDeploymentPostprocessing = 0;
		};
		ADCF9E941AB4BC2F000C3F64 /* Resources */ = {
			isa = PBXResourcesBuildPhase;
			buildActionMask = 2147483647;
			files = (
			);
			runOnlyForDeploymentPostprocessing = 0;
		};
/* End PBXResourcesBuildPhase section */

/* Begin PBXSourcesBuildPhase section */
		ADCF9E7D1AB4BC2F000C3F64 /* Sources */ = {
			isa = PBXSourcesBuildPhase;
			buildActionMask = 2147483647;
			files = (
				ADCF9E891AB4BC2F000C3F64 /* ViewController.swift in Sources */,
				ADCF9E871AB4BC2F000C3F64 /* AppDelegate.swift in Sources */,
			);
			runOnlyForDeploymentPostprocessing = 0;
		};
		ADCF9E921AB4BC2F000C3F64 /* Sources */ = {
			isa = PBXSourcesBuildPhase;
			buildActionMask = 2147483647;
			files = (
				ADCF9E9D1AB4BC2F000C3F64 /* JuegoTapTests.swift in Sources */,
			);
			runOnlyForDeploymentPostprocessing = 0;
		};
/* End PBXSourcesBuildPhase section */

/* Begin PBXTargetDependency section */
		ADCF9E981AB4BC2F000C3F64 /* PBXTargetDependency */ = {
			isa = PBXTargetDependency;
			target = ADCF9E801AB4BC2F000C3F64 /* JuegoTap */;
			targetProxy = ADCF9E971AB4BC2F000C3F64 /* PBXContainerItemProxy */;
		};
/* End PBXTargetDependency section */

/* Begin PBXVariantGroup section */
		ADCF9E8A1AB4BC2F000C3F64 /* Main.storyboard */ = {
			isa = PBXVariantGroup;
			children = (
				ADCF9E8B1AB4BC2F000C3F64 /* Base */,
			);
			name = Main.storyboard;
			sourceTree = "<group>";
		};
		ADCF9E8F1AB4BC2F000C3F64 /* LaunchScreen.xib */ = {
			isa = PBXVariantGroup;
			children = (
				ADCF9E901AB4BC2F000C3F64 /* Base */,
			);
			name = LaunchScreen.xib;
			sourceTree = "<group>";
		};
/* End PBXVariantGroup section */

/* Begin XCBuildConfiguration section */
		ADCF9E9E1AB4BC2F000C3F64 /* Debug */ = {
			isa = XCBuildConfiguration;
			buildSettings = {
				ALWAYS_SEARCH_USER_PATHS = NO;
				CLANG_CXX_LANGUAGE_STANDARD = "gnu++0x";
				CLANG_CXX_LIBRARY = "libc++";
				CLANG_ENABLE_MODULES = YES;
				CLANG_ENABLE_OBJC_ARC = YES;
				CLANG_WARN_BOOL_CONVERSION = YES;
				CLANG_WARN_CONSTANT_CONVERSION = YES;
				CLANG_WARN_DIRECT_OBJC_ISA_USAGE = YES_ERROR;
				CLANG_WARN_EMPTY_BODY = YES;
				CLANG_WARN_ENUM_CONVERSION = YES;
				CLANG_WARN_INT_CONVERSION = YES;
				CLANG_WARN_OBJC_ROOT_CLASS = YES_ERROR;
				CLANG_WARN_UNREACHABLE_CODE = YES;
				CLANG_WARN__DUPLICATE_METHOD_MATCH = YES;
				"CODE_SIGN_IDENTITY[sdk=iphoneos*]" = "iPhone Developer";
				COPY_PHASE_STRIP = NO;
				ENABLE_STRICT_OBJC_MSGSEND = YES;
				GCC_C_LANGUAGE_STANDARD = gnu99;
				GCC_DYNAMIC_NO_PIC = NO;
				GCC_OPTIMIZATION_LEVEL = 0;
				GCC_PREPROCESSOR_DEFINITIONS = (
					"DEBUG=1",
					"$(inherited)",
				);
				GCC_SYMBOLS_PRIVATE_EXTERN = NO;
				GCC_WARN_64_TO_32_BIT_CONVERSION = YES;
				GCC_WARN_ABOUT_RETURN_TYPE = YES_ERROR;
				GCC_WARN_UNDECLARED_SELECTOR = YES;
				GCC_WARN_UNINITIALIZED_AUTOS = YES_AGGRESSIVE;
				GCC_WARN_UNUSED_FUNCTION = YES;
				GCC_WARN_UNUSED_VARIABLE = YES;
				IPHONEOS_DEPLOYMENT_TARGET = 8.2;
				MTL_ENABLE_DEBUG_INFO = YES;
				ONLY_ACTIVE_ARCH = YES;
				SDKROOT = iphoneos;
				SWIFT_OPTIMIZATION_LEVEL = "-Onone";
			};
			name = Debug;
		};
		ADCF9E9F1AB4BC2F000C3F64 /* Release */ = {
			isa = XCBuildConfiguration;
			buildSettings = {
				ALWAYS_SEARCH_USER_PATHS = NO;
				CLANG_CXX_LANGUAGE_STANDARD = "gnu++0x";
				CLANG_CXX_LIBRARY = "libc++";
				CLANG_ENABLE_MODULES = YES;
				CLANG_ENABLE_OBJC_ARC = YES;
				CLANG_WARN_BOOL_CONVERSION = YES;
				CLANG_WARN_CONSTANT_CONVERSION = YES;
				CLANG_WARN_DIRECT_OBJC_ISA_USAGE = YES_ERROR;
				CLANG_WARN_EMPTY_BODY = YES;
				CLANG_WARN_ENUM_CONVERSION = YES;
				CLANG_WARN_INT_CONVERSION = YES;
				CLANG_WARN_OBJC_ROOT_CLASS = YES_ERROR;
				CLANG_WARN_UNREACHABLE_CODE = YES;
				CLANG_WARN__DUPLICATE_METHOD_MATCH = YES;
				"CODE_SIGN_IDENTITY[sdk=iphoneos*]" = "iPhone Developer";
				COPY_PHASE_STRIP = NO;
				ENABLE_NS_ASSERTIONS = NO;
				ENABLE_STRICT_OBJC_MSGSEND = YES;
				GCC_C_LANGUAGE_STANDARD = gnu99;
				GCC_WARN_64_TO_32_BIT_CONVERSION = YES;
				GCC_WARN_ABOUT_RETURN_TYPE = YES_ERROR;
				GCC_WARN_UNDECLARED_SELECTOR = YES;
				GCC_WARN_UNINITIALIZED_AUTOS = YES_AGGRESSIVE;
				GCC_WARN_UNUSED_FUNCTION = YES;
				GCC_WARN_UNUSED_VARIABLE = YES;
				IPHONEOS_DEPLOYMENT_TARGET = 8.2;
				MTL_ENABLE_DEBUG_INFO = NO;
				SDKROOT = iphoneos;
				VALIDATE_PRODUCT = YES;
			};
			name = Release;
		};
		ADCF9EA11AB4BC2F000C3F64 /* Debug */ = {
			isa = XCBuildConfiguration;
			buildSettings = {
				ASSETCATALOG_COMPILER_APPICON_NAME = AppIcon;
				INFOPLIST_FILE = JuegoTap/Info.plist;
				LD_RUNPATH_SEARCH_PATHS = "$(inherited) @executable_path/Frameworks";
				PRODUCT_NAME = "$(TARGET_NAME)";
			};
			name = Debug;
		};
		ADCF9EA21AB4BC2F000C3F64 /* Release */ = {
			isa = XCBuildConfiguration;
			buildSettings = {
				ASSETCATALOG_COMPILER_APPICON_NAME = AppIcon;
				INFOPLIST_FILE = JuegoTap/Info.plist;
				LD_RUNPATH_SEARCH_PATHS = "$(inherited) @executable_path/Frameworks";
				PRODUCT_NAME = "$(TARGET_NAME)";
			};
			name = Release;
		};
		ADCF9EA41AB4BC2F000C3F64 /* Debug */ = {
			isa = XCBuildConfiguration;
			buildSettings = {
				BUNDLE_LOADER = "$(TEST_HOST)";
				FRAMEWORK_SEARCH_PATHS = (
					"$(SDKROOT)/Developer/Library/Frameworks",
					"$(inherited)",
				);
				GCC_PREPROCESSOR_DEFINITIONS = (
					"DEBUG=1",
					"$(inherited)",
				);
				INFOPLIST_FILE = JuegoTapTests/Info.plist;
				LD_RUNPATH_SEARCH_PATHS = "$(inherited) @executable_path/Frameworks @loader_path/Frameworks";
				PRODUCT_NAME = "$(TARGET_NAME)";
				TEST_HOST = "$(BUILT_PRODUCTS_DIR)/JuegoTap.app/JuegoTap";
			};
			name = Debug;
		};
		ADCF9EA51AB4BC2F000C3F64 /* Release */ = {
			isa = XCBuildConfiguration;
			buildSettings = {
				BUNDLE_LOADER = "$(TEST_HOST)";
				FRAMEWORK_SEARCH_PATHS = (
					"$(SDKROOT)/Developer/Library/Frameworks",
					"$(inherited)",
				);
				INFOPLIST_FILE = JuegoTapTests/Info.plist;
				LD_RUNPATH_SEARCH_PATHS = "$(inherited) @executable_path/Frameworks @loader_path/Frameworks";
				PRODUCT_NAME = "$(TARGET_NAME)";
				TEST_HOST = "$(BUILT_PRODUCTS_DIR)/JuegoTap.app/JuegoTap";
			};
			name = Release;
		};
/* End XCBuildConfiguration section */

/* Begin XCConfigurationList section */
		ADCF9E7C1AB4BC2F000C3F64 /* Build configuration list for PBXProject "JuegoTap" */ = {
			isa = XCConfigurationList;
			buildConfigurations = (
				ADCF9E9E1AB4BC2F000C3F64 /* Debug */,
				ADCF9E9F1AB4BC2F000C3F64 /* Release */,
			);
			defaultConfigurationIsVisible = 0;
			defaultConfigurationName = Release;
		};
		ADCF9EA01AB4BC2F000C3F64 /* Build configuration list for PBXNativeTarget "JuegoTap" */ = {
			isa = XCConfigurationList;
			buildConfigurations = (
				ADCF9EA11AB4BC2F000C3F64 /* Debug */,
				ADCF9EA21AB4BC2F000C3F64 /* Release */,
			);
			defaultConfigurationIsVisible = 0;
		};
		ADCF9EA31AB4BC2F000C3F64 /* Build configuration list for PBXNativeTarget "JuegoTapTests" */ = {
			isa = XCConfigurationList;
			buildConfigurations = (
				ADCF9EA41AB4BC2F000C3F64 /* Debug */,
				ADCF9EA51AB4BC2F000C3F64 /* Release */,
			);
			defaultConfigurationIsVisible = 0;
		};
/* End XCConfigurationList section */
	};
	rootObject = ADCF9E791AB4BC2F000C3F64 /* Project object */;
}
