// !$*UTF8*$!
{
	archiveVersion = 1;
	classes = {
	};
	objectVersion = 46;
	objects = {

/* Begin PBXBuildFile section */
		AD0033481AB465DD004FCCAA /* main.m in Sources */ = {isa = PBXBuildFile; fileRef = AD0033471AB465DD004FCCAA /* main.m */; };
		AD00334B1AB465DD004FCCAA /* AppDelegate.m in Sources */ = {isa = PBXBuildFile; fileRef = AD00334A1AB465DD004FCCAA /* AppDelegate.m */; };
		AD00334E1AB465DD004FCCAA /* ViewController.m in Sources */ = {isa = PBXBuildFile; fileRef = AD00334D1AB465DD004FCCAA /* ViewController.m */; };
		AD0033511AB465DD004FCCAA /* Main.storyboard in Resources */ = {isa = PBXBuildFile; fileRef = AD00334F1AB465DD004FCCAA /* Main.storyboard */; };
		AD0033531AB465DD004FCCAA /* Images.xcassets in Resources */ = {isa = PBXBuildFile; fileRef = AD0033521AB465DD004FCCAA /* Images.xcassets */; };
		AD0033561AB465DD004FCCAA /* LaunchScreen.xib in Resources */ = {isa = PBXBuildFile; fileRef = AD0033541AB465DD004FCCAA /* LaunchScreen.xib */; };
		AD0033621AB465DE004FCCAA /* MapasTests.m in Sources */ = {isa = PBXBuildFile; fileRef = AD0033611AB465DE004FCCAA /* MapasTests.m */; };
		AD00336C1AB46762004FCCAA /* MapKit.framework in Frameworks */ = {isa = PBXBuildFile; fileRef = AD00336B1AB46762004FCCAA /* MapKit.framework */; };
		AD00336E1AB4676C004FCCAA /* CoreLocation.framework in Frameworks */ = {isa = PBXBuildFile; fileRef = AD00336D1AB4676C004FCCAA /* CoreLocation.framework */; };
		AD0033711AB46CE2004FCCAA /* MiPunto.m in Sources */ = {isa = PBXBuildFile; fileRef = AD0033701AB46CE2004FCCAA /* MiPunto.m */; };
		AD0033731AB476C7004FCCAA /* GoogleMaps.framework in Frameworks */ = {isa = PBXBuildFile; fileRef = AD0033721AB476C7004FCCAA /* GoogleMaps.framework */; };
		AD0033761AB4770C004FCCAA /* GoogleMaps.bundle in Resources */ = {isa = PBXBuildFile; fileRef = AD0033751AB4770C004FCCAA /* GoogleMaps.bundle */; };
		AD0033781AB4775D004FCCAA /* AVFoundation.framework in Frameworks */ = {isa = PBXBuildFile; fileRef = AD0033771AB4775D004FCCAA /* AVFoundation.framework */; };
		AD00337A1AB47769004FCCAA /* CoreData.framework in Frameworks */ = {isa = PBXBuildFile; fileRef = AD0033791AB47769004FCCAA /* CoreData.framework */; };
		AD00337C1AB47773004FCCAA /* CoreText.framework in Frameworks */ = {isa = PBXBuildFile; fileRef = AD00337B1AB47772004FCCAA /* CoreText.framework */; };
		AD00337E1AB4777B004FCCAA /* GLKit.framework in Frameworks */ = {isa = PBXBuildFile; fileRef = AD00337D1AB4777B004FCCAA /* GLKit.framework */; };
		AD0033801AB47781004FCCAA /* ImageIO.framework in Frameworks */ = {isa = PBXBuildFile; fileRef = AD00337F1AB47781004FCCAA /* ImageIO.framework */; };
		AD0033821AB4778D004FCCAA /* libc++.dylib in Frameworks */ = {isa = PBXBuildFile; fileRef = AD0033811AB4778D004FCCAA /* libc++.dylib */; };
		AD0033841AB47796004FCCAA /* libicucore.dylib in Frameworks */ = {isa = PBXBuildFile; fileRef = AD0033831AB47796004FCCAA /* libicucore.dylib */; };
		AD0033861AB4779D004FCCAA /* libz.dylib in Frameworks */ = {isa = PBXBuildFile; fileRef = AD0033851AB4779D004FCCAA /* libz.dylib */; };
		AD0033881AB477A4004FCCAA /* OpenGLES.framework in Frameworks */ = {isa = PBXBuildFile; fileRef = AD0033871AB477A4004FCCAA /* OpenGLES.framework */; };
		AD00338A1AB477AB004FCCAA /* QuartzCore.framework in Frameworks */ = {isa = PBXBuildFile; fileRef = AD0033891AB477AB004FCCAA /* QuartzCore.framework */; };
		AD00338C1AB477B4004FCCAA /* SystemConfiguration.framework in Frameworks */ = {isa = PBXBuildFile; fileRef = AD00338B1AB477B4004FCCAA /* SystemConfiguration.framework */; };
		AD0033901AB47AC6004FCCAA /* GoogleViewController.m in Sources */ = {isa = PBXBuildFile; fileRef = AD00338F1AB47AC6004FCCAA /* GoogleViewController.m */; };
/* End PBXBuildFile section */

/* Begin PBXContainerItemProxy section */
		AD00335C1AB465DE004FCCAA /* PBXContainerItemProxy */ = {
			isa = PBXContainerItemProxy;
			containerPortal = AD00333A1AB465DD004FCCAA /* Project object */;
			proxyType = 1;
			remoteGlobalIDString = AD0033411AB465DD004FCCAA;
			remoteInfo = Mapas;
		};
/* End PBXContainerItemProxy section */

/* Begin PBXFileReference section */
		AD0033421AB465DD004FCCAA /* Mapas.app */ = {isa = PBXFileReference; explicitFileType = wrapper.application; includeInIndex = 0; path = Mapas.app; sourceTree = BUILT_PRODUCTS_DIR; };
		AD0033461AB465DD004FCCAA /* Info.plist */ = {isa = PBXFileReference; lastKnownFileType = text.plist.xml; path = Info.plist; sourceTree = "<group>"; };
		AD0033471AB465DD004FCCAA /* main.m */ = {isa = PBXFileReference; lastKnownFileType = sourcecode.c.objc; path = main.m; sourceTree = "<group>"; };
		AD0033491AB465DD004FCCAA /* AppDelegate.h */ = {isa = PBXFileReference; lastKnownFileType = sourcecode.c.h; path = AppDelegate.h; sourceTree = "<group>"; };
		AD00334A1AB465DD004FCCAA /* AppDelegate.m */ = {isa = PBXFileReference; lastKnownFileType = sourcecode.c.objc; path = AppDelegate.m; sourceTree = "<group>"; };
		AD00334C1AB465DD004FCCAA /* ViewController.h */ = {isa = PBXFileReference; lastKnownFileType = sourcecode.c.h; path = ViewController.h; sourceTree = "<group>"; };
		AD00334D1AB465DD004FCCAA /* ViewController.m */ = {isa = PBXFileReference; lastKnownFileType = sourcecode.c.objc; path = ViewController.m; sourceTree = "<group>"; };
		AD0033501AB465DD004FCCAA /* Base */ = {isa = PBXFileReference; lastKnownFileType = file.storyboard; name = Base; path = Base.lproj/Main.storyboard; sourceTree = "<group>"; };
		AD0033521AB465DD004FCCAA /* Images.xcassets */ = {isa = PBXFileReference; lastKnownFileType = folder.assetcatalog; path = Images.xcassets; sourceTree = "<group>"; };
		AD0033551AB465DD004FCCAA /* Base */ = {isa = PBXFileReference; lastKnownFileType = file.xib; name = Base; path = Base.lproj/LaunchScreen.xib; sourceTree = "<group>"; };
		AD00335B1AB465DE004FCCAA /* MapasTests.xctest */ = {isa = PBXFileReference; explicitFileType = wrapper.cfbundle; includeInIndex = 0; path = MapasTests.xctest; sourceTree = BUILT_PRODUCTS_DIR; };
		AD0033601AB465DE004FCCAA /* Info.plist */ = {isa = PBXFileReference; lastKnownFileType = text.plist.xml; path = Info.plist; sourceTree = "<group>"; };
		AD0033611AB465DE004FCCAA /* MapasTests.m */ = {isa = PBXFileReference; lastKnownFileType = sourcecode.c.objc; path = MapasTests.m; sourceTree = "<group>"; };
		AD00336B1AB46762004FCCAA /* MapKit.framework */ = {isa = PBXFileReference; lastKnownFileType = wrapper.framework; name = MapKit.framework; path = System/Library/Frameworks/MapKit.framework; sourceTree = SDKROOT; };
		AD00336D1AB4676C004FCCAA /* CoreLocation.framework */ = {isa = PBXFileReference; lastKnownFileType = wrapper.framework; name = CoreLocation.framework; path = System/Library/Frameworks/CoreLocation.framework; sourceTree = SDKROOT; };
		AD00336F1AB46CE2004FCCAA /* MiPunto.h */ = {isa = PBXFileReference; fileEncoding = 4; lastKnownFileType = sourcecode.c.h; name = MiPunto.h; path = ../MiPunto.h; sourceTree = "<group>"; };
		AD0033701AB46CE2004FCCAA /* MiPunto.m */ = {isa = PBXFileReference; fileEncoding = 4; lastKnownFileType = sourcecode.c.objc; name = MiPunto.m; path = ../MiPunto.m; sourceTree = "<group>"; };
		AD0033721AB476C7004FCCAA /* GoogleMaps.framework */ = {isa = PBXFileReference; lastKnownFileType = wrapper.framework; path = GoogleMaps.framework; sourceTree = "<group>"; };
		AD0033751AB4770C004FCCAA /* GoogleMaps.bundle */ = {isa = PBXFileReference; lastKnownFileType = "wrapper.plug-in"; path = GoogleMaps.bundle; sourceTree = "<group>"; };
		AD0033771AB4775D004FCCAA /* AVFoundation.framework */ = {isa = PBXFileReference; lastKnownFileType = wrapper.framework; name = AVFoundation.framework; path = System/Library/Frameworks/AVFoundation.framework; sourceTree = SDKROOT; };
		AD0033791AB47769004FCCAA /* CoreData.framework */ = {isa = PBXFileReference; lastKnownFileType = wrapper.framework; name = CoreData.framework; path = System/Library/Frameworks/CoreData.framework; sourceTree = SDKROOT; };
		AD00337B1AB47772004FCCAA /* CoreText.framework */ = {isa = PBXFileReference; lastKnownFileType = wrapper.framework; name = CoreText.framework; path = System/Library/Frameworks/CoreText.framework; sourceTree = SDKROOT; };
		AD00337D1AB4777B004FCCAA /* GLKit.framework */ = {isa = PBXFileReference; lastKnownFileType = wrapper.framework; name = GLKit.framework; path = System/Library/Frameworks/GLKit.framework; sourceTree = SDKROOT; };
		AD00337F1AB47781004FCCAA /* ImageIO.framework */ = {isa = PBXFileReference; lastKnownFileType = wrapper.framework; name = ImageIO.framework; path = System/Library/Frameworks/ImageIO.framework; sourceTree = SDKROOT; };
		AD0033811AB4778D004FCCAA /* libc++.dylib */ = {isa = PBXFileReference; lastKnownFileType = "compiled.mach-o.dylib"; name = "libc++.dylib"; path = "usr/lib/libc++.dylib"; sourceTree = SDKROOT; };
		AD0033831AB47796004FCCAA /* libicucore.dylib */ = {isa = PBXFileReference; lastKnownFileType = "compiled.mach-o.dylib"; name = libicucore.dylib; path = usr/lib/libicucore.dylib; sourceTree = SDKROOT; };
		AD0033851AB4779D004FCCAA /* libz.dylib */ = {isa = PBXFileReference; lastKnownFileType = "compiled.mach-o.dylib"; name = libz.dylib; path = usr/lib/libz.dylib; sourceTree = SDKROOT; };
		AD0033871AB477A4004FCCAA /* OpenGLES.framework */ = {isa = PBXFileReference; lastKnownFileType = wrapper.framework; name = OpenGLES.framework; path = System/Library/Frameworks/OpenGLES.framework; sourceTree = SDKROOT; };
		AD0033891AB477AB004FCCAA /* QuartzCore.framework */ = {isa = PBXFileReference; lastKnownFileType = wrapper.framework; name = QuartzCore.framework; path = System/Library/Frameworks/QuartzCore.framework; sourceTree = SDKROOT; };
		AD00338B1AB477B4004FCCAA /* SystemConfiguration.framework */ = {isa = PBXFileReference; lastKnownFileType = wrapper.framework; name = SystemConfiguration.framework; path = System/Library/Frameworks/SystemConfiguration.framework; sourceTree = SDKROOT; };
		AD00338E1AB47AC6004FCCAA /* GoogleViewController.h */ = {isa = PBXFileReference; fileEncoding = 4; lastKnownFileType = sourcecode.c.h; path = GoogleViewController.h; sourceTree = "<group>"; };
		AD00338F1AB47AC6004FCCAA /* GoogleViewController.m */ = {isa = PBXFileReference; fileEncoding = 4; lastKnownFileType = sourcecode.c.objc; path = GoogleViewController.m; sourceTree = "<group>"; };
/* End PBXFileReference section */

/* Begin PBXFrameworksBuildPhase section */
		AD00333F1AB465DD004FCCAA /* Frameworks */ = {
			isa = PBXFrameworksBuildPhase;
			buildActionMask = 2147483647;
			files = (
				AD00338C1AB477B4004FCCAA /* SystemConfiguration.framework in Frameworks */,
				AD00338A1AB477AB004FCCAA /* QuartzCore.framework in Frameworks */,
				AD0033881AB477A4004FCCAA /* OpenGLES.framework in Frameworks */,
				AD0033861AB4779D004FCCAA /* libz.dylib in Frameworks */,
				AD0033841AB47796004FCCAA /* libicucore.dylib in Frameworks */,
				AD0033821AB4778D004FCCAA /* libc++.dylib in Frameworks */,
				AD0033801AB47781004FCCAA /* ImageIO.framework in Frameworks */,
				AD00337E1AB4777B004FCCAA /* GLKit.framework in Frameworks */,
				AD00337C1AB47773004FCCAA /* CoreText.framework in Frameworks */,
				AD00337A1AB47769004FCCAA /* CoreData.framework in Frameworks */,
				AD0033781AB4775D004FCCAA /* AVFoundation.framework in Frameworks */,
				AD0033731AB476C7004FCCAA /* GoogleMaps.framework in Frameworks */,
				AD00336E1AB4676C004FCCAA /* CoreLocation.framework in Frameworks */,
				AD00336C1AB46762004FCCAA /* MapKit.framework in Frameworks */,
			);
			runOnlyForDeploymentPostprocessing = 0;
		};
		AD0033581AB465DE004FCCAA /* Frameworks */ = {
			isa = PBXFrameworksBuildPhase;
			buildActionMask = 2147483647;
			files = (
			);
			runOnlyForDeploymentPostprocessing = 0;
		};
/* End PBXFrameworksBuildPhase section */

/* Begin PBXGroup section */
		AD0033391AB465DD004FCCAA = {
			isa = PBXGroup;
			children = (
				AD00338D1AB479EA004FCCAA /* Frameworks */,
				AD0033441AB465DD004FCCAA /* Mapas */,
				AD00335E1AB465DE004FCCAA /* MapasTests */,
				AD0033431AB465DD004FCCAA /* Products */,
			);
			sourceTree = "<group>";
		};
		AD0033431AB465DD004FCCAA /* Products */ = {
			isa = PBXGroup;
			children = (
				AD0033421AB465DD004FCCAA /* Mapas.app */,
				AD00335B1AB465DE004FCCAA /* MapasTests.xctest */,
			);
			name = Products;
			sourceTree = "<group>";
		};
		AD0033441AB465DD004FCCAA /* Mapas */ = {
			isa = PBXGroup;
			children = (
				AD00336F1AB46CE2004FCCAA /* MiPunto.h */,
				AD0033701AB46CE2004FCCAA /* MiPunto.m */,
				AD0033491AB465DD004FCCAA /* AppDelegate.h */,
				AD00334A1AB465DD004FCCAA /* AppDelegate.m */,
				AD00334C1AB465DD004FCCAA /* ViewController.h */,
				AD00334D1AB465DD004FCCAA /* ViewController.m */,
				AD0033451AB465DD004FCCAA /* Supporting Files */,
				AD00334F1AB465DD004FCCAA /* Main.storyboard */,
				AD0033521AB465DD004FCCAA /* Images.xcassets */,
				AD0033541AB465DD004FCCAA /* LaunchScreen.xib */,
				AD00338E1AB47AC6004FCCAA /* GoogleViewController.h */,
				AD00338F1AB47AC6004FCCAA /* GoogleViewController.m */,
			);
			path = Mapas;
			sourceTree = "<group>";
		};
		AD0033451AB465DD004FCCAA /* Supporting Files */ = {
			isa = PBXGroup;
			children = (
				AD0033461AB465DD004FCCAA /* Info.plist */,
				AD0033471AB465DD004FCCAA /* main.m */,
			);
			name = "Supporting Files";
			sourceTree = "<group>";
		};
		AD00335E1AB465DE004FCCAA /* MapasTests */ = {
			isa = PBXGroup;
			children = (
				AD0033611AB465DE004FCCAA /* MapasTests.m */,
				AD00335F1AB465DE004FCCAA /* Supporting Files */,
			);
			path = MapasTests;
			sourceTree = "<group>";
		};
		AD00335F1AB465DE004FCCAA /* Supporting Files */ = {
			isa = PBXGroup;
			children = (
				AD0033601AB465DE004FCCAA /* Info.plist */,
			);
			name = "Supporting Files";
			sourceTree = "<group>";
		};
		AD0033741AB4770C004FCCAA /* Resources */ = {
			isa = PBXGroup;
			children = (
				AD0033751AB4770C004FCCAA /* GoogleMaps.bundle */,
			);
			name = Resources;
			path = GoogleMaps.framework/Resources;
			sourceTree = "<group>";
		};
		AD00338D1AB479EA004FCCAA /* Frameworks */ = {
			isa = PBXGroup;
			children = (
				AD00338B1AB477B4004FCCAA /* SystemConfiguration.framework */,
				AD0033891AB477AB004FCCAA /* QuartzCore.framework */,
				AD0033871AB477A4004FCCAA /* OpenGLES.framework */,
				AD0033851AB4779D004FCCAA /* libz.dylib */,
				AD0033831AB47796004FCCAA /* libicucore.dylib */,
				AD0033811AB4778D004FCCAA /* libc++.dylib */,
				AD00337F1AB47781004FCCAA /* ImageIO.framework */,
				AD00337D1AB4777B004FCCAA /* GLKit.framework */,
				AD00337B1AB47772004FCCAA /* CoreText.framework */,
				AD0033791AB47769004FCCAA /* CoreData.framework */,
				AD0033771AB4775D004FCCAA /* AVFoundation.framework */,
				AD0033721AB476C7004FCCAA /* GoogleMaps.framework */,
				AD0033741AB4770C004FCCAA /* Resources */,
				AD00336D1AB4676C004FCCAA /* CoreLocation.framework */,
				AD00336B1AB46762004FCCAA /* MapKit.framework */,
			);
			name = Frameworks;
			sourceTree = "<group>";
		};
/* End PBXGroup section */

/* Begin PBXNativeTarget section */
		AD0033411AB465DD004FCCAA /* Mapas */ = {
			isa = PBXNativeTarget;
			buildConfigurationList = AD0033651AB465DE004FCCAA /* Build configuration list for PBXNativeTarget "Mapas" */;
			buildPhases = (
				AD00333E1AB465DD004FCCAA /* Sources */,
				AD00333F1AB465DD004FCCAA /* Frameworks */,
				AD0033401AB465DD004FCCAA /* Resources */,
			);
			buildRules = (
			);
			dependencies = (
			);
			name = Mapas;
			productName = Mapas;
			productReference = AD0033421AB465DD004FCCAA /* Mapas.app */;
			productType = "com.apple.product-type.application";
		};
		AD00335A1AB465DE004FCCAA /* MapasTests */ = {
			isa = PBXNativeTarget;
			buildConfigurationList = AD0033681AB465DE004FCCAA /* Build configuration list for PBXNativeTarget "MapasTests" */;
			buildPhases = (
				AD0033571AB465DE004FCCAA /* Sources */,
				AD0033581AB465DE004FCCAA /* Frameworks */,
				AD0033591AB465DE004FCCAA /* Resources */,
			);
			buildRules = (
			);
			dependencies = (
				AD00335D1AB465DE004FCCAA /* PBXTargetDependency */,
			);
			name = MapasTests;
			productName = MapasTests;
			productReference = AD00335B1AB465DE004FCCAA /* MapasTests.xctest */;
			productType = "com.apple.product-type.bundle.unit-test";
		};
/* End PBXNativeTarget section */

/* Begin PBXProject section */
		AD00333A1AB465DD004FCCAA /* Project object */ = {
			isa = PBXProject;
			attributes = {
				LastUpgradeCheck = 0620;
				ORGANIZATIONNAME = Cymetria;
				TargetAttributes = {
					AD0033411AB465DD004FCCAA = {
						CreatedOnToolsVersion = 6.2;
					};
					AD00335A1AB465DE004FCCAA = {
						CreatedOnToolsVersion = 6.2;
						TestTargetID = AD0033411AB465DD004FCCAA;
					};
				};
			};
			buildConfigurationList = AD00333D1AB465DD004FCCAA /* Build configuration list for PBXProject "Mapas" */;
			compatibilityVersion = "Xcode 3.2";
			developmentRegion = English;
			hasScannedForEncodings = 0;
			knownRegions = (
				en,
				Base,
			);
			mainGroup = AD0033391AB465DD004FCCAA;
			productRefGroup = AD0033431AB465DD004FCCAA /* Products */;
			projectDirPath = "";
			projectRoot = "";
			targets = (
				AD0033411AB465DD004FCCAA /* Mapas */,
				AD00335A1AB465DE004FCCAA /* MapasTests */,
			);
		};
/* End PBXProject section */

/* Begin PBXResourcesBuildPhase section */
		AD0033401AB465DD004FCCAA /* Resources */ = {
			isa = PBXResourcesBuildPhase;
			buildActionMask = 2147483647;
			files = (
				AD0033511AB465DD004FCCAA /* Main.storyboard in Resources */,
				AD0033561AB465DD004FCCAA /* LaunchScreen.xib in Resources */,
				AD0033531AB465DD004FCCAA /* Images.xcassets in Resources */,
				AD0033761AB4770C004FCCAA /* GoogleMaps.bundle in Resources */,
			);
			runOnlyForDeploymentPostprocessing = 0;
		};
		AD0033591AB465DE004FCCAA /* Resources */ = {
			isa = PBXResourcesBuildPhase;
			buildActionMask = 2147483647;
			files = (
			);
			runOnlyForDeploymentPostprocessing = 0;
		};
/* End PBXResourcesBuildPhase section */

/* Begin PBXSourcesBuildPhase section */
		AD00333E1AB465DD004FCCAA /* Sources */ = {
			isa = PBXSourcesBuildPhase;
			buildActionMask = 2147483647;
			files = (
				AD0033901AB47AC6004FCCAA /* GoogleViewController.m in Sources */,
				AD0033711AB46CE2004FCCAA /* MiPunto.m in Sources */,
				AD00334E1AB465DD004FCCAA /* ViewController.m in Sources */,
				AD00334B1AB465DD004FCCAA /* AppDelegate.m in Sources */,
				AD0033481AB465DD004FCCAA /* main.m in Sources */,
			);
			runOnlyForDeploymentPostprocessing = 0;
		};
		AD0033571AB465DE004FCCAA /* Sources */ = {
			isa = PBXSourcesBuildPhase;
			buildActionMask = 2147483647;
			files = (
				AD0033621AB465DE004FCCAA /* MapasTests.m in Sources */,
			);
			runOnlyForDeploymentPostprocessing = 0;
		};
/* End PBXSourcesBuildPhase section */

/* Begin PBXTargetDependency section */
		AD00335D1AB465DE004FCCAA /* PBXTargetDependency */ = {
			isa = PBXTargetDependency;
			target = AD0033411AB465DD004FCCAA /* Mapas */;
			targetProxy = AD00335C1AB465DE004FCCAA /* PBXContainerItemProxy */;
		};
/* End PBXTargetDependency section */

/* Begin PBXVariantGroup section */
		AD00334F1AB465DD004FCCAA /* Main.storyboard */ = {
			isa = PBXVariantGroup;
			children = (
				AD0033501AB465DD004FCCAA /* Base */,
			);
			name = Main.storyboard;
			sourceTree = "<group>";
		};
		AD0033541AB465DD004FCCAA /* LaunchScreen.xib */ = {
			isa = PBXVariantGroup;
			children = (
				AD0033551AB465DD004FCCAA /* Base */,
			);
			name = LaunchScreen.xib;
			sourceTree = "<group>";
		};
/* End PBXVariantGroup section */

/* Begin XCBuildConfiguration section */
		AD0033631AB465DE004FCCAA /* Debug */ = {
			isa = XCBuildConfiguration;
			buildSettings = {
				ALWAYS_SEARCH_USER_PATHS = NO;
				CLANG_CXX_LANGUAGE_STANDARD = "gnu++0x";
				CLANG_CXX_LIBRARY = "libc++";
				CLANG_ENABLE_MODULES = YES;
				CLANG_ENABLE_OBJC_ARC = YES;
				CLANG_WARN_BOOL_CONVERSION = YES;
				CLANG_WARN_CONSTANT_CONVERSION = YES;
				CLANG_WARN_DIRECT_OBJC_ISA_USAGE = YES_ERROR;
				CLANG_WARN_EMPTY_BODY = YES;
				CLANG_WARN_ENUM_CONVERSION = YES;
				CLANG_WARN_INT_CONVERSION = YES;
				CLANG_WARN_OBJC_ROOT_CLASS = YES_ERROR;
				CLANG_WARN_UNREACHABLE_CODE = YES;
				CLANG_WARN__DUPLICATE_METHOD_MATCH = YES;
				"CODE_SIGN_IDENTITY[sdk=iphoneos*]" = "iPhone Developer";
				COPY_PHASE_STRIP = NO;
				ENABLE_STRICT_OBJC_MSGSEND = YES;
				GCC_C_LANGUAGE_STANDARD = gnu99;
				GCC_DYNAMIC_NO_PIC = NO;
				GCC_OPTIMIZATION_LEVEL = 0;
				GCC_PREPROCESSOR_DEFINITIONS = (
					"DEBUG=1",
					"$(inherited)",
				);
				GCC_SYMBOLS_PRIVATE_EXTERN = NO;
				GCC_WARN_64_TO_32_BIT_CONVERSION = YES;
				GCC_WARN_ABOUT_RETURN_TYPE = YES_ERROR;
				GCC_WARN_UNDECLARED_SELECTOR = YES;
				GCC_WARN_UNINITIALIZED_AUTOS = YES_AGGRESSIVE;
				GCC_WARN_UNUSED_FUNCTION = YES;
				GCC_WARN_UNUSED_VARIABLE = YES;
				IPHONEOS_DEPLOYMENT_TARGET = 8.2;
				MTL_ENABLE_DEBUG_INFO = YES;
				ONLY_ACTIVE_ARCH = YES;
				SDKROOT = iphoneos;
			};
			name = Debug;
		};
		AD0033641AB465DE004FCCAA /* Release */ = {
			isa = XCBuildConfiguration;
			buildSettings = {
				ALWAYS_SEARCH_USER_PATHS = NO;
				CLANG_CXX_LANGUAGE_STANDARD = "gnu++0x";
				CLANG_CXX_LIBRARY = "libc++";
				CLANG_ENABLE_MODULES = YES;
				CLANG_ENABLE_OBJC_ARC = YES;
				CLANG_WARN_BOOL_CONVERSION = YES;
				CLANG_WARN_CONSTANT_CONVERSION = YES;
				CLANG_WARN_DIRECT_OBJC_ISA_USAGE = YES_ERROR;
				CLANG_WARN_EMPTY_BODY = YES;
				CLANG_WARN_ENUM_CONVERSION = YES;
				CLANG_WARN_INT_CONVERSION = YES;
				CLANG_WARN_OBJC_ROOT_CLASS = YES_ERROR;
				CLANG_WARN_UNREACHABLE_CODE = YES;
				CLANG_WARN__DUPLICATE_METHOD_MATCH = YES;
				"CODE_SIGN_IDENTITY[sdk=iphoneos*]" = "iPhone Developer";
				COPY_PHASE_STRIP = NO;
				ENABLE_NS_ASSERTIONS = NO;
				ENABLE_STRICT_OBJC_MSGSEND = YES;
				GCC_C_LANGUAGE_STANDARD = gnu99;
				GCC_WARN_64_TO_32_BIT_CONVERSION = YES;
				GCC_WARN_ABOUT_RETURN_TYPE = YES_ERROR;
				GCC_WARN_UNDECLARED_SELECTOR = YES;
				GCC_WARN_UNINITIALIZED_AUTOS = YES_AGGRESSIVE;
				GCC_WARN_UNUSED_FUNCTION = YES;
				GCC_WARN_UNUSED_VARIABLE = YES;
				IPHONEOS_DEPLOYMENT_TARGET = 8.2;
				MTL_ENABLE_DEBUG_INFO = NO;
				SDKROOT = iphoneos;
				VALIDATE_PRODUCT = YES;
			};
			name = Release;
		};
		AD0033661AB465DE004FCCAA /* Debug */ = {
			isa = XCBuildConfiguration;
			buildSettings = {
				ASSETCATALOG_COMPILER_APPICON_NAME = AppIcon;
				FRAMEWORK_SEARCH_PATHS = (
					"$(inherited)",
					"$(PROJECT_DIR)",
				);
				INFOPLIST_FILE = Mapas/Info.plist;
				LD_RUNPATH_SEARCH_PATHS = "$(inherited) @executable_path/Frameworks";
				OTHER_LDFLAGS = "-ObjC";
				PRODUCT_NAME = "$(TARGET_NAME)";
			};
			name = Debug;
		};
		AD0033671AB465DE004FCCAA /* Release */ = {
			isa = XCBuildConfiguration;
			buildSettings = {
				ASSETCATALOG_COMPILER_APPICON_NAME = AppIcon;
				FRAMEWORK_SEARCH_PATHS = (
					"$(inherited)",
					"$(PROJECT_DIR)",
				);
				INFOPLIST_FILE = Mapas/Info.plist;
				LD_RUNPATH_SEARCH_PATHS = "$(inherited) @executable_path/Frameworks";
				OTHER_LDFLAGS = "-ObjC";
				PRODUCT_NAME = "$(TARGET_NAME)";
			};
			name = Release;
		};
		AD0033691AB465DE004FCCAA /* Debug */ = {
			isa = XCBuildConfiguration;
			buildSettings = {
				BUNDLE_LOADER = "$(TEST_HOST)";
				FRAMEWORK_SEARCH_PATHS = (
					"$(SDKROOT)/Developer/Library/Frameworks",
					"$(inherited)",
				);
				GCC_PREPROCESSOR_DEFINITIONS = (
					"DEBUG=1",
					"$(inherited)",
				);
				INFOPLIST_FILE = MapasTests/Info.plist;
				LD_RUNPATH_SEARCH_PATHS = "$(inherited) @executable_path/Frameworks @loader_path/Frameworks";
				PRODUCT_NAME = "$(TARGET_NAME)";
				TEST_HOST = "$(BUILT_PRODUCTS_DIR)/Mapas.app/Mapas";
			};
			name = Debug;
		};
		AD00336A1AB465DE004FCCAA /* Release */ = {
			isa = XCBuildConfiguration;
			buildSettings = {
				BUNDLE_LOADER = "$(TEST_HOST)";
				FRAMEWORK_SEARCH_PATHS = (
					"$(SDKROOT)/Developer/Library/Frameworks",
					"$(inherited)",
				);
				INFOPLIST_FILE = MapasTests/Info.plist;
				LD_RUNPATH_SEARCH_PATHS = "$(inherited) @executable_path/Frameworks @loader_path/Frameworks";
				PRODUCT_NAME = "$(TARGET_NAME)";
				TEST_HOST = "$(BUILT_PRODUCTS_DIR)/Mapas.app/Mapas";
			};
			name = Release;
		};
/* End XCBuildConfiguration section */

/* Begin XCConfigurationList section */
		AD00333D1AB465DD004FCCAA /* Build configuration list for PBXProject "Mapas" */ = {
			isa = XCConfigurationList;
			buildConfigurations = (
				AD0033631AB465DE004FCCAA /* Debug */,
				AD0033641AB465DE004FCCAA /* Release */,
			);
			defaultConfigurationIsVisible = 0;
			defaultConfigurationName = Release;
		};
		AD0033651AB465DE004FCCAA /* Build configuration list for PBXNativeTarget "Mapas" */ = {
			isa = XCConfigurationList;
			buildConfigurations = (
				AD0033661AB465DE004FCCAA /* Debug */,
				AD0033671AB465DE004FCCAA /* Release */,
			);
			defaultConfigurationIsVisible = 0;
		};
		AD0033681AB465DE004FCCAA /* Build configuration list for PBXNativeTarget "MapasTests" */ = {
			isa = XCConfigurationList;
			buildConfigurations = (
				AD0033691AB465DE004FCCAA /* Debug */,
				AD00336A1AB465DE004FCCAA /* Release */,
			);
			defaultConfigurationIsVisible = 0;
		};
/* End XCConfigurationList section */
	};
	rootObject = AD00333A1AB465DD004FCCAA /* Project object */;
}
