// !$*UTF8*$!
{
	archiveVersion = 1;
	classes = {
	};
	objectVersion = 46;
	objects = {

/* Begin PBXBuildFile section */
		ADF822F81AB3711300B372EE /* main.m in Sources */ = {isa = PBXBuildFile; fileRef = ADF822F71AB3711300B372EE /* main.m */; };
		ADF822FB1AB3711300B372EE /* AppDelegate.m in Sources */ = {isa = PBXBuildFile; fileRef = ADF822FA1AB3711300B372EE /* AppDelegate.m */; };
		ADF822FE1AB3711300B372EE /* ViewController.m in Sources */ = {isa = PBXBuildFile; fileRef = ADF822FD1AB3711300B372EE /* ViewController.m */; };
		ADF823011AB3711300B372EE /* Main.storyboard in Resources */ = {isa = PBXBuildFile; fileRef = ADF822FF1AB3711300B372EE /* Main.storyboard */; };
		ADF823031AB3711300B372EE /* Images.xcassets in Resources */ = {isa = PBXBuildFile; fileRef = ADF823021AB3711300B372EE /* Images.xcassets */; };
		ADF823061AB3711300B372EE /* LaunchScreen.xib in Resources */ = {isa = PBXBuildFile; fileRef = ADF823041AB3711300B372EE /* LaunchScreen.xib */; };
		ADF823121AB3711400B372EE /* RestauranteUNABTests.m in Sources */ = {isa = PBXBuildFile; fileRef = ADF823111AB3711400B372EE /* RestauranteUNABTests.m */; };
		ADF823201AB3727F00B372EE /* logo.png in Resources */ = {isa = PBXBuildFile; fileRef = ADF8231D1AB3727F00B372EE /* logo.png */; };
		ADF823211AB3727F00B372EE /* logo@2x.png in Resources */ = {isa = PBXBuildFile; fileRef = ADF8231E1AB3727F00B372EE /* logo@2x.png */; };
		ADF823251AB3733D00B372EE /* HomeViewController.m in Sources */ = {isa = PBXBuildFile; fileRef = ADF823241AB3733D00B372EE /* HomeViewController.m */; };
/* End PBXBuildFile section */

/* Begin PBXContainerItemProxy section */
		ADF8230C1AB3711400B372EE /* PBXContainerItemProxy */ = {
			isa = PBXContainerItemProxy;
			containerPortal = ADF822EA1AB3711300B372EE /* Project object */;
			proxyType = 1;
			remoteGlobalIDString = ADF822F11AB3711300B372EE;
			remoteInfo = RestauranteUNAB;
		};
/* End PBXContainerItemProxy section */

/* Begin PBXFileReference section */
		ADF822F21AB3711300B372EE /* RestauranteUNAB.app */ = {isa = PBXFileReference; explicitFileType = wrapper.application; includeInIndex = 0; path = RestauranteUNAB.app; sourceTree = BUILT_PRODUCTS_DIR; };
		ADF822F61AB3711300B372EE /* Info.plist */ = {isa = PBXFileReference; lastKnownFileType = text.plist.xml; path = Info.plist; sourceTree = "<group>"; };
		ADF822F71AB3711300B372EE /* main.m */ = {isa = PBXFileReference; lastKnownFileType = sourcecode.c.objc; path = main.m; sourceTree = "<group>"; };
		ADF822F91AB3711300B372EE /* AppDelegate.h */ = {isa = PBXFileReference; lastKnownFileType = sourcecode.c.h; path = AppDelegate.h; sourceTree = "<group>"; };
		ADF822FA1AB3711300B372EE /* AppDelegate.m */ = {isa = PBXFileReference; lastKnownFileType = sourcecode.c.objc; path = AppDelegate.m; sourceTree = "<group>"; };
		ADF822FC1AB3711300B372EE /* ViewController.h */ = {isa = PBXFileReference; lastKnownFileType = sourcecode.c.h; path = ViewController.h; sourceTree = "<group>"; };
		ADF822FD1AB3711300B372EE /* ViewController.m */ = {isa = PBXFileReference; lastKnownFileType = sourcecode.c.objc; path = ViewController.m; sourceTree = "<group>"; };
		ADF823001AB3711300B372EE /* Base */ = {isa = PBXFileReference; lastKnownFileType = file.storyboard; name = Base; path = Base.lproj/Main.storyboard; sourceTree = "<group>"; };
		ADF823021AB3711300B372EE /* Images.xcassets */ = {isa = PBXFileReference; lastKnownFileType = folder.assetcatalog; path = Images.xcassets; sourceTree = "<group>"; };
		ADF823051AB3711300B372EE /* Base */ = {isa = PBXFileReference; lastKnownFileType = file.xib; name = Base; path = Base.lproj/LaunchScreen.xib; sourceTree = "<group>"; };
		ADF8230B1AB3711400B372EE /* RestauranteUNABTests.xctest */ = {isa = PBXFileReference; explicitFileType = wrapper.cfbundle; includeInIndex = 0; path = RestauranteUNABTests.xctest; sourceTree = BUILT_PRODUCTS_DIR; };
		ADF823101AB3711400B372EE /* Info.plist */ = {isa = PBXFileReference; lastKnownFileType = text.plist.xml; path = Info.plist; sourceTree = "<group>"; };
		ADF823111AB3711400B372EE /* RestauranteUNABTests.m */ = {isa = PBXFileReference; lastKnownFileType = sourcecode.c.objc; path = RestauranteUNABTests.m; sourceTree = "<group>"; };
		ADF8231D1AB3727F00B372EE /* logo.png */ = {isa = PBXFileReference; lastKnownFileType = image.png; path = logo.png; sourceTree = "<group>"; };
		ADF8231E1AB3727F00B372EE /* logo@2x.png */ = {isa = PBXFileReference; lastKnownFileType = image.png; path = "logo@2x.png"; sourceTree = "<group>"; };
		ADF823231AB3733D00B372EE /* HomeViewController.h */ = {isa = PBXFileReference; fileEncoding = 4; lastKnownFileType = sourcecode.c.h; path = HomeViewController.h; sourceTree = "<group>"; };
		ADF823241AB3733D00B372EE /* HomeViewController.m */ = {isa = PBXFileReference; fileEncoding = 4; lastKnownFileType = sourcecode.c.objc; path = HomeViewController.m; sourceTree = "<group>"; };
/* End PBXFileReference section */

/* Begin PBXFrameworksBuildPhase section */
		ADF822EF1AB3711300B372EE /* Frameworks */ = {
			isa = PBXFrameworksBuildPhase;
			buildActionMask = 2147483647;
			files = (
			);
			runOnlyForDeploymentPostprocessing = 0;
		};
		ADF823081AB3711400B372EE /* Frameworks */ = {
			isa = PBXFrameworksBuildPhase;
			buildActionMask = 2147483647;
			files = (
			);
			runOnlyForDeploymentPostprocessing = 0;
		};
/* End PBXFrameworksBuildPhase section */

/* Begin PBXGroup section */
		ADF822E91AB3711300B372EE = {
			isa = PBXGroup;
			children = (
				ADF823231AB3733D00B372EE /* HomeViewController.h */,
				ADF823241AB3733D00B372EE /* HomeViewController.m */,
				ADF8231D1AB3727F00B372EE /* logo.png */,
				ADF8231E1AB3727F00B372EE /* logo@2x.png */,
				ADF822F41AB3711300B372EE /* RestauranteUNAB */,
				ADF8230E1AB3711400B372EE /* RestauranteUNABTests */,
				ADF822F31AB3711300B372EE /* Products */,
			);
			sourceTree = "<group>";
		};
		ADF822F31AB3711300B372EE /* Products */ = {
			isa = PBXGroup;
			children = (
				ADF822F21AB3711300B372EE /* RestauranteUNAB.app */,
				ADF8230B1AB3711400B372EE /* RestauranteUNABTests.xctest */,
			);
			name = Products;
			sourceTree = "<group>";
		};
		ADF822F41AB3711300B372EE /* RestauranteUNAB */ = {
			isa = PBXGroup;
			children = (
				ADF822F91AB3711300B372EE /* AppDelegate.h */,
				ADF822FA1AB3711300B372EE /* AppDelegate.m */,
				ADF822FC1AB3711300B372EE /* ViewController.h */,
				ADF822FD1AB3711300B372EE /* ViewController.m */,
				ADF822FF1AB3711300B372EE /* Main.storyboard */,
				ADF823021AB3711300B372EE /* Images.xcassets */,
				ADF823041AB3711300B372EE /* LaunchScreen.xib */,
				ADF822F51AB3711300B372EE /* Supporting Files */,
			);
			path = RestauranteUNAB;
			sourceTree = "<group>";
		};
		ADF822F51AB3711300B372EE /* Supporting Files */ = {
			isa = PBXGroup;
			children = (
				ADF822F61AB3711300B372EE /* Info.plist */,
				ADF822F71AB3711300B372EE /* main.m */,
			);
			name = "Supporting Files";
			sourceTree = "<group>";
		};
		ADF8230E1AB3711400B372EE /* RestauranteUNABTests */ = {
			isa = PBXGroup;
			children = (
				ADF823111AB3711400B372EE /* RestauranteUNABTests.m */,
				ADF8230F1AB3711400B372EE /* Supporting Files */,
			);
			path = RestauranteUNABTests;
			sourceTree = "<group>";
		};
		ADF8230F1AB3711400B372EE /* Supporting Files */ = {
			isa = PBXGroup;
			children = (
				ADF823101AB3711400B372EE /* Info.plist */,
			);
			name = "Supporting Files";
			sourceTree = "<group>";
		};
/* End PBXGroup section */

/* Begin PBXNativeTarget section */
		ADF822F11AB3711300B372EE /* RestauranteUNAB */ = {
			isa = PBXNativeTarget;
			buildConfigurationList = ADF823151AB3711400B372EE /* Build configuration list for PBXNativeTarget "RestauranteUNAB" */;
			buildPhases = (
				ADF822EE1AB3711300B372EE /* Sources */,
				ADF822EF1AB3711300B372EE /* Frameworks */,
				ADF822F01AB3711300B372EE /* Resources */,
			);
			buildRules = (
			);
			dependencies = (
			);
			name = RestauranteUNAB;
			productName = RestauranteUNAB;
			productReference = ADF822F21AB3711300B372EE /* RestauranteUNAB.app */;
			productType = "com.apple.product-type.application";
		};
		ADF8230A1AB3711400B372EE /* RestauranteUNABTests */ = {
			isa = PBXNativeTarget;
			buildConfigurationList = ADF823181AB3711400B372EE /* Build configuration list for PBXNativeTarget "RestauranteUNABTests" */;
			buildPhases = (
				ADF823071AB3711400B372EE /* Sources */,
				ADF823081AB3711400B372EE /* Frameworks */,
				ADF823091AB3711400B372EE /* Resources */,
			);
			buildRules = (
			);
			dependencies = (
				ADF8230D1AB3711400B372EE /* PBXTargetDependency */,
			);
			name = RestauranteUNABTests;
			productName = RestauranteUNABTests;
			productReference = ADF8230B1AB3711400B372EE /* RestauranteUNABTests.xctest */;
			productType = "com.apple.product-type.bundle.unit-test";
		};
/* End PBXNativeTarget section */

/* Begin PBXProject section */
		ADF822EA1AB3711300B372EE /* Project object */ = {
			isa = PBXProject;
			attributes = {
				LastUpgradeCheck = 0620;
				ORGANIZATIONNAME = Cymetria;
				TargetAttributes = {
					ADF822F11AB3711300B372EE = {
						CreatedOnToolsVersion = 6.2;
					};
					ADF8230A1AB3711400B372EE = {
						CreatedOnToolsVersion = 6.2;
						TestTargetID = ADF822F11AB3711300B372EE;
					};
				};
			};
			buildConfigurationList = ADF822ED1AB3711300B372EE /* Build configuration list for PBXProject "RestauranteUNAB" */;
			compatibilityVersion = "Xcode 3.2";
			developmentRegion = English;
			hasScannedForEncodings = 0;
			knownRegions = (
				en,
				Base,
			);
			mainGroup = ADF822E91AB3711300B372EE;
			productRefGroup = ADF822F31AB3711300B372EE /* Products */;
			projectDirPath = "";
			projectRoot = "";
			targets = (
				ADF822F11AB3711300B372EE /* RestauranteUNAB */,
				ADF8230A1AB3711400B372EE /* RestauranteUNABTests */,
			);
		};
/* End PBXProject section */

/* Begin PBXResourcesBuildPhase section */
		ADF822F01AB3711300B372EE /* Resources */ = {
			isa = PBXResourcesBuildPhase;
			buildActionMask = 2147483647;
			files = (
				ADF823211AB3727F00B372EE /* logo@2x.png in Resources */,
				ADF823201AB3727F00B372EE /* logo.png in Resources */,
				ADF823011AB3711300B372EE /* Main.storyboard in Resources */,
				ADF823061AB3711300B372EE /* LaunchScreen.xib in Resources */,
				ADF823031AB3711300B372EE /* Images.xcassets in Resources */,
			);
			runOnlyForDeploymentPostprocessing = 0;
		};
		ADF823091AB3711400B372EE /* Resources */ = {
			isa = PBXResourcesBuildPhase;
			buildActionMask = 2147483647;
			files = (
			);
			runOnlyForDeploymentPostprocessing = 0;
		};
/* End PBXResourcesBuildPhase section */

/* Begin PBXSourcesBuildPhase section */
		ADF822EE1AB3711300B372EE /* Sources */ = {
			isa = PBXSourcesBuildPhase;
			buildActionMask = 2147483647;
			files = (
				ADF822FE1AB3711300B372EE /* ViewController.m in Sources */,
				ADF822FB1AB3711300B372EE /* AppDelegate.m in Sources */,
				ADF822F81AB3711300B372EE /* main.m in Sources */,
				ADF823251AB3733D00B372EE /* HomeViewController.m in Sources */,
			);
			runOnlyForDeploymentPostprocessing = 0;
		};
		ADF823071AB3711400B372EE /* Sources */ = {
			isa = PBXSourcesBuildPhase;
			buildActionMask = 2147483647;
			files = (
				ADF823121AB3711400B372EE /* RestauranteUNABTests.m in Sources */,
			);
			runOnlyForDeploymentPostprocessing = 0;
		};
/* End PBXSourcesBuildPhase section */

/* Begin PBXTargetDependency section */
		ADF8230D1AB3711400B372EE /* PBXTargetDependency */ = {
			isa = PBXTargetDependency;
			target = ADF822F11AB3711300B372EE /* RestauranteUNAB */;
			targetProxy = ADF8230C1AB3711400B372EE /* PBXContainerItemProxy */;
		};
/* End PBXTargetDependency section */

/* Begin PBXVariantGroup section */
		ADF822FF1AB3711300B372EE /* Main.storyboard */ = {
			isa = PBXVariantGroup;
			children = (
				ADF823001AB3711300B372EE /* Base */,
			);
			name = Main.storyboard;
			sourceTree = "<group>";
		};
		ADF823041AB3711300B372EE /* LaunchScreen.xib */ = {
			isa = PBXVariantGroup;
			children = (
				ADF823051AB3711300B372EE /* Base */,
			);
			name = LaunchScreen.xib;
			sourceTree = "<group>";
		};
/* End PBXVariantGroup section */

/* Begin XCBuildConfiguration section */
		ADF823131AB3711400B372EE /* Debug */ = {
			isa = XCBuildConfiguration;
			buildSettings = {
				ALWAYS_SEARCH_USER_PATHS = NO;
				CLANG_CXX_LANGUAGE_STANDARD = "gnu++0x";
				CLANG_CXX_LIBRARY = "libc++";
				CLANG_ENABLE_MODULES = YES;
				CLANG_ENABLE_OBJC_ARC = YES;
				CLANG_WARN_BOOL_CONVERSION = YES;
				CLANG_WARN_CONSTANT_CONVERSION = YES;
				CLANG_WARN_DIRECT_OBJC_ISA_USAGE = YES_ERROR;
				CLANG_WARN_EMPTY_BODY = YES;
				CLANG_WARN_ENUM_CONVERSION = YES;
				CLANG_WARN_INT_CONVERSION = YES;
				CLANG_WARN_OBJC_ROOT_CLASS = YES_ERROR;
				CLANG_WARN_UNREACHABLE_CODE = YES;
				CLANG_WARN__DUPLICATE_METHOD_MATCH = YES;
				"CODE_SIGN_IDENTITY[sdk=iphoneos*]" = "iPhone Developer";
				COPY_PHASE_STRIP = NO;
				ENABLE_STRICT_OBJC_MSGSEND = YES;
				GCC_C_LANGUAGE_STANDARD = gnu99;
				GCC_DYNAMIC_NO_PIC = NO;
				GCC_OPTIMIZATION_LEVEL = 0;
				GCC_PREPROCESSOR_DEFINITIONS = (
					"DEBUG=1",
					"$(inherited)",
				);
				GCC_SYMBOLS_PRIVATE_EXTERN = NO;
				GCC_WARN_64_TO_32_BIT_CONVERSION = YES;
				GCC_WARN_ABOUT_RETURN_TYPE = YES_ERROR;
				GCC_WARN_UNDECLARED_SELECTOR = YES;
				GCC_WARN_UNINITIALIZED_AUTOS = YES_AGGRESSIVE;
				GCC_WARN_UNUSED_FUNCTION = YES;
				GCC_WARN_UNUSED_VARIABLE = YES;
				IPHONEOS_DEPLOYMENT_TARGET = 8.2;
				MTL_ENABLE_DEBUG_INFO = YES;
				ONLY_ACTIVE_ARCH = YES;
				SDKROOT = iphoneos;
			};
			name = Debug;
		};
		ADF823141AB3711400B372EE /* Release */ = {
			isa = XCBuildConfiguration;
			buildSettings = {
				ALWAYS_SEARCH_USER_PATHS = NO;
				CLANG_CXX_LANGUAGE_STANDARD = "gnu++0x";
				CLANG_CXX_LIBRARY = "libc++";
				CLANG_ENABLE_MODULES = YES;
				CLANG_ENABLE_OBJC_ARC = YES;
				CLANG_WARN_BOOL_CONVERSION = YES;
				CLANG_WARN_CONSTANT_CONVERSION = YES;
				CLANG_WARN_DIRECT_OBJC_ISA_USAGE = YES_ERROR;
				CLANG_WARN_EMPTY_BODY = YES;
				CLANG_WARN_ENUM_CONVERSION = YES;
				CLANG_WARN_INT_CONVERSION = YES;
				CLANG_WARN_OBJC_ROOT_CLASS = YES_ERROR;
				CLANG_WARN_UNREACHABLE_CODE = YES;
				CLANG_WARN__DUPLICATE_METHOD_MATCH = YES;
				"CODE_SIGN_IDENTITY[sdk=iphoneos*]" = "iPhone Developer";
				COPY_PHASE_STRIP = NO;
				ENABLE_NS_ASSERTIONS = NO;
				ENABLE_STRICT_OBJC_MSGSEND = YES;
				GCC_C_LANGUAGE_STANDARD = gnu99;
				GCC_WARN_64_TO_32_BIT_CONVERSION = YES;
				GCC_WARN_ABOUT_RETURN_TYPE = YES_ERROR;
				GCC_WARN_UNDECLARED_SELECTOR = YES;
				GCC_WARN_UNINITIALIZED_AUTOS = YES_AGGRESSIVE;
				GCC_WARN_UNUSED_FUNCTION = YES;
				GCC_WARN_UNUSED_VARIABLE = YES;
				IPHONEOS_DEPLOYMENT_TARGET = 8.2;
				MTL_ENABLE_DEBUG_INFO = NO;
				SDKROOT = iphoneos;
				VALIDATE_PRODUCT = YES;
			};
			name = Release;
		};
		ADF823161AB3711400B372EE /* Debug */ = {
			isa = XCBuildConfiguration;
			buildSettings = {
				ASSETCATALOG_COMPILER_APPICON_NAME = AppIcon;
				INFOPLIST_FILE = RestauranteUNAB/Info.plist;
				LD_RUNPATH_SEARCH_PATHS = "$(inherited) @executable_path/Frameworks";
				PRODUCT_NAME = "$(TARGET_NAME)";
			};
			name = Debug;
		};
		ADF823171AB3711400B372EE /* Release */ = {
			isa = XCBuildConfiguration;
			buildSettings = {
				ASSETCATALOG_COMPILER_APPICON_NAME = AppIcon;
				INFOPLIST_FILE = RestauranteUNAB/Info.plist;
				LD_RUNPATH_SEARCH_PATHS = "$(inherited) @executable_path/Frameworks";
				PRODUCT_NAME = "$(TARGET_NAME)";
			};
			name = Release;
		};
		ADF823191AB3711400B372EE /* Debug */ = {
			isa = XCBuildConfiguration;
			buildSettings = {
				BUNDLE_LOADER = "$(TEST_HOST)";
				FRAMEWORK_SEARCH_PATHS = (
					"$(SDKROOT)/Developer/Library/Frameworks",
					"$(inherited)",
				);
				GCC_PREPROCESSOR_DEFINITIONS = (
					"DEBUG=1",
					"$(inherited)",
				);
				INFOPLIST_FILE = RestauranteUNABTests/Info.plist;
				LD_RUNPATH_SEARCH_PATHS = "$(inherited) @executable_path/Frameworks @loader_path/Frameworks";
				PRODUCT_NAME = "$(TARGET_NAME)";
				TEST_HOST = "$(BUILT_PRODUCTS_DIR)/RestauranteUNAB.app/RestauranteUNAB";
			};
			name = Debug;
		};
		ADF8231A1AB3711400B372EE /* Release */ = {
			isa = XCBuildConfiguration;
			buildSettings = {
				BUNDLE_LOADER = "$(TEST_HOST)";
				FRAMEWORK_SEARCH_PATHS = (
					"$(SDKROOT)/Developer/Library/Frameworks",
					"$(inherited)",
				);
				INFOPLIST_FILE = RestauranteUNABTests/Info.plist;
				LD_RUNPATH_SEARCH_PATHS = "$(inherited) @executable_path/Frameworks @loader_path/Frameworks";
				PRODUCT_NAME = "$(TARGET_NAME)";
				TEST_HOST = "$(BUILT_PRODUCTS_DIR)/RestauranteUNAB.app/RestauranteUNAB";
			};
			name = Release;
		};
/* End XCBuildConfiguration section */

/* Begin XCConfigurationList section */
		ADF822ED1AB3711300B372EE /* Build configuration list for PBXProject "RestauranteUNAB" */ = {
			isa = XCConfigurationList;
			buildConfigurations = (
				ADF823131AB3711400B372EE /* Debug */,
				ADF823141AB3711400B372EE /* Release */,
			);
			defaultConfigurationIsVisible = 0;
			defaultConfigurationName = Release;
		};
		ADF823151AB3711400B372EE /* Build configuration list for PBXNativeTarget "RestauranteUNAB" */ = {
			isa = XCConfigurationList;
			buildConfigurations = (
				ADF823161AB3711400B372EE /* Debug */,
				ADF823171AB3711400B372EE /* Release */,
			);
			defaultConfigurationIsVisible = 0;
		};
		ADF823181AB3711400B372EE /* Build configuration list for PBXNativeTarget "RestauranteUNABTests" */ = {
			isa = XCConfigurationList;
			buildConfigurations = (
				ADF823191AB3711400B372EE /* Debug */,
				ADF8231A1AB3711400B372EE /* Release */,
			);
			defaultConfigurationIsVisible = 0;
		};
/* End XCConfigurationList section */
	};
	rootObject = ADF822EA1AB3711300B372EE /* Project object */;
}
