// !$*UTF8*$!
{
	archiveVersion = 1;
	classes = {
	};
	objectVersion = 46;
	objects = {

/* Begin PBXBuildFile section */
		ADCF9E701AB4B5F6000C3F64 /* main.swift in Sources */ = {isa = PBXBuildFile; fileRef = ADCF9E6F1AB4B5F6000C3F64 /* main.swift */; };
		ADCF9E771AB4B61F000C3F64 /* Person.swift in Sources */ = {isa = PBXBuildFile; fileRef = ADCF9E761AB4B61F000C3F64 /* Person.swift */; };
/* End PBXBuildFile section */

/* Begin PBXCopyFilesBuildPhase section */
		ADCF9E6A1AB4B5F6000C3F64 /* CopyFiles */ = {
			isa = PBXCopyFilesBuildPhase;
			buildActionMask = 2147483647;
			dstPath = /usr/share/man/man1/;
			dstSubfolderSpec = 0;
			files = (
			);
			runOnlyForDeploymentPostprocessing = 1;
		};
/* End PBXCopyFilesBuildPhase section */

/* Begin PBXFileReference section */
		ADCF9E6C1AB4B5F6000C3F64 /* RegistroAsistentes */ = {isa = PBXFileReference; explicitFileType = "compiled.mach-o.executable"; includeInIndex = 0; path = RegistroAsistentes; sourceTree = BUILT_PRODUCTS_DIR; };
		ADCF9E6F1AB4B5F6000C3F64 /* main.swift */ = {isa = PBXFileReference; lastKnownFileType = sourcecode.swift; path = main.swift; sourceTree = "<group>"; };
		ADCF9E761AB4B61F000C3F64 /* Person.swift */ = {isa = PBXFileReference; fileEncoding = 4; lastKnownFileType = sourcecode.swift; path = Person.swift; sourceTree = "<group>"; };
/* End PBXFileReference section */

/* Begin PBXFrameworksBuildPhase section */
		ADCF9E691AB4B5F6000C3F64 /* Frameworks */ = {
			isa = PBXFrameworksBuildPhase;
			buildActionMask = 2147483647;
			files = (
			);
			runOnlyForDeploymentPostprocessing = 0;
		};
/* End PBXFrameworksBuildPhase section */

/* Begin PBXGroup section */
		ADCF9E631AB4B5F6000C3F64 = {
			isa = PBXGroup;
			children = (
				ADCF9E761AB4B61F000C3F64 /* Person.swift */,
				ADCF9E6E1AB4B5F6000C3F64 /* RegistroAsistentes */,
				ADCF9E6D1AB4B5F6000C3F64 /* Products */,
			);
			sourceTree = "<group>";
		};
		ADCF9E6D1AB4B5F6000C3F64 /* Products */ = {
			isa = PBXGroup;
			children = (
				ADCF9E6C1AB4B5F6000C3F64 /* RegistroAsistentes */,
			);
			name = Products;
			sourceTree = "<group>";
		};
		ADCF9E6E1AB4B5F6000C3F64 /* RegistroAsistentes */ = {
			isa = PBXGroup;
			children = (
				ADCF9E6F1AB4B5F6000C3F64 /* main.swift */,
			);
			path = RegistroAsistentes;
			sourceTree = "<group>";
		};
/* End PBXGroup section */

/* Begin PBXNativeTarget section */
		ADCF9E6B1AB4B5F6000C3F64 /* RegistroAsistentes */ = {
			isa = PBXNativeTarget;
			buildConfigurationList = ADCF9E731AB4B5F6000C3F64 /* Build configuration list for PBXNativeTarget "RegistroAsistentes" */;
			buildPhases = (
				ADCF9E681AB4B5F6000C3F64 /* Sources */,
				ADCF9E691AB4B5F6000C3F64 /* Frameworks */,
				ADCF9E6A1AB4B5F6000C3F64 /* CopyFiles */,
			);
			buildRules = (
			);
			dependencies = (
			);
			name = RegistroAsistentes;
			productName = RegistroAsistentes;
			productReference = ADCF9E6C1AB4B5F6000C3F64 /* RegistroAsistentes */;
			productType = "com.apple.product-type.tool";
		};
/* End PBXNativeTarget section */

/* Begin PBXProject section */
		ADCF9E641AB4B5F6000C3F64 /* Project object */ = {
			isa = PBXProject;
			attributes = {
				LastUpgradeCheck = 0620;
				ORGANIZATIONNAME = Cymetria;
				TargetAttributes = {
					ADCF9E6B1AB4B5F6000C3F64 = {
						CreatedOnToolsVersion = 6.2;
					};
				};
			};
			buildConfigurationList = ADCF9E671AB4B5F6000C3F64 /* Build configuration list for PBXProject "RegistroAsistentes" */;
			compatibilityVersion = "Xcode 3.2";
			developmentRegion = English;
			hasScannedForEncodings = 0;
			knownRegions = (
				en,
			);
			mainGroup = ADCF9E631AB4B5F6000C3F64;
			productRefGroup = ADCF9E6D1AB4B5F6000C3F64 /* Products */;
			projectDirPath = "";
			projectRoot = "";
			targets = (
				ADCF9E6B1AB4B5F6000C3F64 /* RegistroAsistentes */,
			);
		};
/* End PBXProject section */

/* Begin PBXSourcesBuildPhase section */
		ADCF9E681AB4B5F6000C3F64 /* Sources */ = {
			isa = PBXSourcesBuildPhase;
			buildActionMask = 2147483647;
			files = (
				ADCF9E771AB4B61F000C3F64 /* Person.swift in Sources */,
				ADCF9E701AB4B5F6000C3F64 /* main.swift in Sources */,
			);
			runOnlyForDeploymentPostprocessing = 0;
		};
/* End PBXSourcesBuildPhase section */

/* Begin XCBuildConfiguration section */
		ADCF9E711AB4B5F6000C3F64 /* Debug */ = {
			isa = XCBuildConfiguration;
			buildSettings = {
				ALWAYS_SEARCH_USER_PATHS = NO;
				CLANG_CXX_LANGUAGE_STANDARD = "gnu++0x";
				CLANG_CXX_LIBRARY = "libc++";
				CLANG_ENABLE_MODULES = YES;
				CLANG_ENABLE_OBJC_ARC = YES;
				CLANG_WARN_BOOL_CONVERSION = YES;
				CLANG_WARN_CONSTANT_CONVERSION = YES;
				CLANG_WARN_DIRECT_OBJC_ISA_USAGE = YES_ERROR;
				CLANG_WARN_EMPTY_BODY = YES;
				CLANG_WARN_ENUM_CONVERSION = YES;
				CLANG_WARN_INT_CONVERSION = YES;
				CLANG_WARN_OBJC_ROOT_CLASS = YES_ERROR;
				CLANG_WARN_UNREACHABLE_CODE = YES;
				CLANG_WARN__DUPLICATE_METHOD_MATCH = YES;
				COPY_PHASE_STRIP = NO;
				ENABLE_STRICT_OBJC_MSGSEND = YES;
				GCC_C_LANGUAGE_STANDARD = gnu99;
				GCC_DYNAMIC_NO_PIC = NO;
				GCC_OPTIMIZATION_LEVEL = 0;
				GCC_PREPROCESSOR_DEFINITIONS = (
					"DEBUG=1",
					"$(inherited)",
				);
				GCC_SYMBOLS_PRIVATE_EXTERN = NO;
				GCC_WARN_64_TO_32_BIT_CONVERSION = YES;
				GCC_WARN_ABOUT_RETURN_TYPE = YES_ERROR;
				GCC_WARN_UNDECLARED_SELECTOR = YES;
				GCC_WARN_UNINITIALIZED_AUTOS = YES_AGGRESSIVE;
				GCC_WARN_UNUSED_FUNCTION = YES;
				GCC_WARN_UNUSED_VARIABLE = YES;
				MACOSX_DEPLOYMENT_TARGET = 10.10;
				MTL_ENABLE_DEBUG_INFO = YES;
				ONLY_ACTIVE_ARCH = YES;
				SDKROOT = macosx;
				SWIFT_OPTIMIZATION_LEVEL = "-Onone";
			};
			name = Debug;
		};
		ADCF9E721AB4B5F6000C3F64 /* Release */ = {
			isa = XCBuildConfiguration;
			buildSettings = {
				ALWAYS_SEARCH_USER_PATHS = NO;
				CLANG_CXX_LANGUAGE_STANDARD = "gnu++0x";
				CLANG_CXX_LIBRARY = "libc++";
				CLANG_ENABLE_MODULES = YES;
				CLANG_ENABLE_OBJC_ARC = YES;
				CLANG_WARN_BOOL_CONVERSION = YES;
				CLANG_WARN_CONSTANT_CONVERSION = YES;
				CLANG_WARN_DIRECT_OBJC_ISA_USAGE = YES_ERROR;
				CLANG_WARN_EMPTY_BODY = YES;
				CLANG_WARN_ENUM_CONVERSION = YES;
				CLANG_WARN_INT_CONVERSION = YES;
				CLANG_WARN_OBJC_ROOT_CLASS = YES_ERROR;
				CLANG_WARN_UNREACHABLE_CODE = YES;
				CLANG_WARN__DUPLICATE_METHOD_MATCH = YES;
				COPY_PHASE_STRIP = NO;
				DEBUG_INFORMATION_FORMAT = "dwarf-with-dsym";
				ENABLE_NS_ASSERTIONS = NO;
				ENABLE_STRICT_OBJC_MSGSEND = YES;
				GCC_C_LANGUAGE_STANDARD = gnu99;
				GCC_WARN_64_TO_32_BIT_CONVERSION = YES;
				GCC_WARN_ABOUT_RETURN_TYPE = YES_ERROR;
				GCC_WARN_UNDECLARED_SELECTOR = YES;
				GCC_WARN_UNINITIALIZED_AUTOS = YES_AGGRESSIVE;
				GCC_WARN_UNUSED_FUNCTION = YES;
				GCC_WARN_UNUSED_VARIABLE = YES;
				MACOSX_DEPLOYMENT_TARGET = 10.10;
				MTL_ENABLE_DEBUG_INFO = NO;
				SDKROOT = macosx;
			};
			name = Release;
		};
		ADCF9E741AB4B5F6000C3F64 /* Debug */ = {
			isa = XCBuildConfiguration;
			buildSettings = {
				PRODUCT_NAME = "$(TARGET_NAME)";
			};
			name = Debug;
		};
		ADCF9E751AB4B5F6000C3F64 /* Release */ = {
			isa = XCBuildConfiguration;
			buildSettings = {
				PRODUCT_NAME = "$(TARGET_NAME)";
			};
			name = Release;
		};
/* End XCBuildConfiguration section */

/* Begin XCConfigurationList section */
		ADCF9E671AB4B5F6000C3F64 /* Build configuration list for PBXProject "RegistroAsistentes" */ = {
			isa = XCConfigurationList;
			buildConfigurations = (
				ADCF9E711AB4B5F6000C3F64 /* Debug */,
				ADCF9E721AB4B5F6000C3F64 /* Release */,
			);
			defaultConfigurationIsVisible = 0;
			defaultConfigurationName = Release;
		};
		ADCF9E731AB4B5F6000C3F64 /* Build configuration list for PBXNativeTarget "RegistroAsistentes" */ = {
			isa = XCConfigurationList;
			buildConfigurations = (
				ADCF9E741AB4B5F6000C3F64 /* Debug */,
				ADCF9E751AB4B5F6000C3F64 /* Release */,
			);
			defaultConfigurationIsVisible = 0;
		};
/* End XCConfigurationList section */
	};
	rootObject = ADCF9E641AB4B5F6000C3F64 /* Project object */;
}
